<?xml version="1.0" encoding="utf-8"?>
<Project ToolsVersion="4.0" xmlns="http://schemas.microsoft.com/developer/msbuild/2003">
  <ItemGroup>
    <Filter Include="Source Files">
      <UniqueIdentifier>{4FC737F1-C7A5-4376-A066-2A32D752A2FF}</UniqueIdentifier>
      <Extensions>cpp;c;cc;cxx;def;odl;idl;hpj;bat;asm;asmx</Extensions>
    </Filter>
    <Filter Include="Header Files">
      <UniqueIdentifier>{93995380-89BD-4b04-88EB-625FBE52EBFB}</UniqueIdentifier>
      <Extensions>h;hh;hpp;hxx;hm;inl;inc;ipp;xsd</Extensions>
    </Filter>
    <Filter Include="Resource Files">
      <UniqueIdentifier>{67DA6AB6-F800-4c08-8B7A-83BB121AAD01}</UniqueIdentifier>
      <Extensions>rc;ico;cur;bmp;dlg;rc2;rct;bin;rgs;gif;jpg;jpeg;jpe;resx;tiff;tif;png;wav;mfcribbon-ms</Extensions>
    </Filter>
    <Filter Include="Header Files\Objects">
      <UniqueIdentifier>{d375f34f-5b10-4261-a8cb-4e802108faac}</UniqueIdentifier>
    </Filter>
    <Filter Include="Header Files\Lists">
      <UniqueIdentifier>{1f3983ae-8128-4e53-898d-a36acf76c437}</UniqueIdentifier>
    </Filter>
    <Filter Include="Source Files\Lists">
      <UniqueIdentifier>{efee7400-5d48-4888-bed8-ba470f4326bd}</UniqueIdentifier>
    </Filter>
    <Filter Include="Header Files\Lists\DoubleCircularList">
      <UniqueIdentifier>{e079f86d-7467-46bc-bf88-2537820f6473}</UniqueIdentifier>
    </Filter>
    <Filter Include="Source Files\Lists\DoubleCircularList">
      <UniqueIdentifier>{8625a0c5-46f1-4643-a32b-bb3a4026dda5}</UniqueIdentifier>
    </Filter>
    <Filter Include="Source Files\Bbattery">
      <UniqueIdentifier>{a3e74db4-c5cc-40df-b36a-e01f94e2be7f}</UniqueIdentifier>
    </Filter>
    <Filter Include="Header Files\Row">
      <UniqueIdentifier>{1d78fecf-698a-422e-a242-45fa3a5d2c23}</UniqueIdentifier>
    </Filter>
    <Filter Include="Source Files\Row">
      <UniqueIdentifier>{7bc2f166-20dd-4e88-b240-bea6c7942811}</UniqueIdentifier>
    </Filter>
    <Filter Include="Header Files\Battery">
      <UniqueIdentifier>{543eee70-ce0a-48ba-ad18-63821774ddc0}</UniqueIdentifier>
    </Filter>
    <Filter Include="Header Files\Trees">
      <UniqueIdentifier>{7238ab04-d26e-4071-9b5f-71afe1fb8188}</UniqueIdentifier>
    </Filter>
  </ItemGroup>
  <ItemGroup>
    <ClInclude Include="stdafx.h">
      <Filter>Header Files</Filter>
    </ClInclude>
    <ClInclude Include="targetver.h">
      <Filter>Header Files</Filter>
    </ClInclude>
    <ClInclude Include="Aluno.h">
      <Filter>Header Files\Objects</Filter>
    </ClInclude>
    <ClInclude Include="Cliente.h">
      <Filter>Header Files\Objects</Filter>
    </ClInclude>
    <ClInclude Include="Funcionario.h">
      <Filter>Header Files\Objects</Filter>
    </ClInclude>
    <ClInclude Include="List.h">
      <Filter>Header Files\Lists</Filter>
    </ClInclude>
    <ClInclude Include="ListDE.h">
      <Filter>Header Files\Lists</Filter>
    </ClInclude>
    <ClInclude Include="ListF.h">
      <Filter>Header Files\Lists</Filter>
    </ClInclude>
    <ClInclude Include="Node.h">
      <Filter>Header Files\Objects</Filter>
    </ClInclude>
    <ClInclude Include="Record.h">
      <Filter>Header Files\Objects</Filter>
    </ClInclude>
    <ClInclude Include="DCList.h">
      <Filter>Header Files\Lists\DoubleCircularList</Filter>
    </ClInclude>
    <ClInclude Include="Battery.h">
      <Filter>Header Files\Battery</Filter>
    </ClInclude>
    <ClInclude Include="Row.h">
      <Filter>Header Files\Row</Filter>
    </ClInclude>
    <ClInclude Include="Person.h">
      <Filter>Header Files\Objects</Filter>
    </ClInclude>
    <ClInclude Include="Airplane.h">
      <Filter>Header Files\Objects</Filter>
    </ClInclude>
    <ClInclude Include="Process.h">
      <Filter>Header Files\Objects</Filter>
    </ClInclude>
    <ClInclude Include="tree.h">
      <Filter>Header Files\Trees</Filter>
    </ClInclude>
    <ClInclude Include="No.h">
      <Filter>Header Files\Trees</Filter>
    </ClInclude>
  </ItemGroup>
  <ItemGroup>
    <ClCompile Include="stdafx.cpp">
      <Filter>Source Files</Filter>
    </ClCompile>
    <ClCompile Include="Main.cpp">
      <Filter>Source Files</Filter>
    </ClCompile>
    <ClCompile Include="ListF.cpp">
      <Filter>Source Files\Lists</Filter>
    </ClCompile>
    <ClCompile Include="ListDE.cpp">
      <Filter>Source Files\Lists</Filter>
    </ClCompile>
    <ClCompile Include="DCList.cpp">
      <Filter>Source Files\Lists\DoubleCircularList</Filter>
    </ClCompile>
    <ClCompile Include="Battery.cpp">
      <Filter>Source Files\Bbattery</Filter>
    </ClCompile>
    <ClCompile Include="Row.cpp">
      <Filter>Source Files\Row</Filter>
    </ClCompile>
    <ClCompile Include="tree.cpp">
      <Filter>Source Files</Filter>
    </ClCompile>
  </ItemGroup>
  <ItemGroup>
    <Text Include="file.txt">
      <Filter>Resource Files</Filter>
    </Text>
    <Text Include="salario.txt">
      <Filter>Resource Files</Filter>
    </Text>
  </ItemGroup>
</Project>